{
  "name": "rcvis",
  "lockfileVersion": 3,
  "requires": true,
  "packages": {
    "": {
      "dependencies": {
        "@artoonie/timeline-range-slider": "^0.1.12",
        "tabulator-tables": "6.3.1",
        "usfca-data-table": "^0.1.0"
      },
      "devDependencies": {
        "bootstrap": "^3.3.5",
        "jquery": "^3.2.1"
      }
    },
    "node_modules/@artoonie/timeline-range-slider": {
      "version": "0.1.12",
      "resolved": "https://registry.npmjs.org/@artoonie/timeline-range-slider/-/timeline-range-slider-0.1.12.tgz",
      "integrity": "sha512-Fi7x6cndEjDpgZUBWKAgE7tNJRfUYvhqMxGPj12b/gusgtrOJ+sP/pqrEumRvYZepaO2iHPR9+hXcsqRldzaDQ==",
      "license": "MIT"
    },
    "node_modules/bootstrap": {
      "version": "3.4.1",
      "resolved": "https://registry.npmjs.org/bootstrap/-/bootstrap-3.4.1.tgz",
      "integrity": "sha512-yN5oZVmRCwe5aKwzRj6736nSmKDX7pLYwsXiCj/EYmo16hODaBiT4En5btW/jhBF/seV+XMx3aYwukYC3A49DA==",
      "dev": true,
      "license": "MIT",
      "engines": {
        "node": ">=6"
      }
    },
    "node_modules/jquery": {
      "version": "3.7.1",
      "resolved": "https://registry.npmjs.org/jquery/-/jquery-3.7.1.tgz",
      "integrity": "sha512-m4avr8yL8kmFN8psrbFFFmB/If14iN5o9nw/NgnnM+kybDJpRsAynV2BsfpTYrTRysYUdADVD7CkUUizgkpLfg==",
      "dev": true,
      "license": "MIT"
    },
    "node_modules/tabulator-tables": {
      "version": "6.3.1",
      "resolved": "https://registry.npmjs.org/tabulator-tables/-/tabulator-tables-6.3.1.tgz",
      "integrity": "sha512-qFW7kfadtcaISQIibKAIy0f3eeIXUVi8242Vly1iJfMD79kfEGzfczNuPBN/80hDxHzQJXYbmJ8VipI40hQtfA==",
      "license": "MIT"
    },
    "node_modules/usfca-data-table": {
      "version": "0.1.0",
      "resolved": "https://registry.npmjs.org/usfca-data-table/-/usfca-data-table-0.1.0.tgz",
      "integrity": "sha512-iZ5899UzweV0twiQHqEBVNA1ivbSJA4ea7gK1Hi95xjA6VTepHkwpEAUgXvoEY47sPmSMEdU6B0IQ4iWeIxqgw==",
      "license": "MIT"
    }
  }
}
