{
  "name": "rcvis-settings",
  "version": "1.0.0",
  "lockfileVersion": 3,
  "requires": true,
  "packages": {
    "": {
      "name": "rcvis-settings",
      "version": "1.0.0",
      "license": "ISC",
      "dependencies": {
        "rcvis-datatable": "../datatable"
      }
    },
    "../datatable": {
      "name": "rcvis-datatable",
      "version": "1.0.0",
      "license": "ISC",
      "dependencies": {
        "tabulator-tables": "^6.3.1",
        "usfca-data-table": "^0.1.0"
      }
    },
    "node_modules/rcvis-datatable": {
      "resolved": "../datatable",
      "link": true
    }
  }
}
